
Microsoft Visual Studio Solution File, Format Version 12.00
# Visual Studio Version 17
VisualStudioVersion = 17.0.31903.59
MinimumVisualStudioVersion = 10.0.40219.1
Project("{2150E333-8FDC-42A3-9474-1A3956D46DE8}") = "SkillMAUI", "SkillMAUI", "{DFC3F1B6-3620-4ECD-A4D6-59459B4EA39E}"
EndProject
Project("{FAE04EC0-301F-11D3-BF4B-00C04F79EFBC}") = "Skilled", "SkillMAUI\Skilled.csproj", "{F149E6A9-B0F4-40A1-AC97-E77DAA5EC489}"
EndProject
Project("{FAE04EC0-301F-11D3-BF4B-00C04F79EFBC}") = "Skilled.Data", "Skilled.Data\Skilled.Data.csproj", "{FF59C226-A629-4607-B162-96FD4FFCCBDF}"
EndProject
Project("{FAE04EC0-301F-11D3-BF4B-00C04F79EFBC}") = "Skilled.API", "Skilled.API\Skilled.API.csproj", "{291B9D6F-27E6-4B62-BBC3-B150AB2787B9}"
EndProject
Project("{FAE04EC0-301F-11D3-BF4B-00C04F79EFBC}") = "Skilled.Services", "Skilled.Services\Skilled.Services.csproj", "{F810EF17-F2C8-40AD-A506-4E6E4A4B47C1}"
EndProject
Project("{FAE04EC0-301F-11D3-BF4B-00C04F79EFBC}") = "Skilled.Tests", "Skilled.Tests\Skilled.Tests.csproj", "{9051246C-B5B2-410E-93BD-DF56BA1D2845}"
EndProject
Global
	GlobalSection(SolutionConfigurationPlatforms) = preSolution
		Debug|Any CPU = Debug|Any CPU
		Debug|x64 = Debug|x64
		Debug|x86 = Debug|x86
		Release|Any CPU = Release|Any CPU
		Release|x64 = Release|x64
		Release|x86 = Release|x86
	EndGlobalSection
	GlobalSection(ProjectConfigurationPlatforms) = postSolution
		{F149E6A9-B0F4-40A1-AC97-E77DAA5EC489}.Debug|Any CPU.ActiveCfg = Debug|Any CPU
		{F149E6A9-B0F4-40A1-AC97-E77DAA5EC489}.Debug|Any CPU.Build.0 = Debug|Any CPU
		{F149E6A9-B0F4-40A1-AC97-E77DAA5EC489}.Debug|x64.ActiveCfg = Debug|Any CPU
		{F149E6A9-B0F4-40A1-AC97-E77DAA5EC489}.Debug|x64.Build.0 = Debug|Any CPU
		{F149E6A9-B0F4-40A1-AC97-E77DAA5EC489}.Debug|x86.ActiveCfg = Debug|Any CPU
		{F149E6A9-B0F4-40A1-AC97-E77DAA5EC489}.Debug|x86.Build.0 = Debug|Any CPU
		{F149E6A9-B0F4-40A1-AC97-E77DAA5EC489}.Release|Any CPU.ActiveCfg = Release|Any CPU
		{F149E6A9-B0F4-40A1-AC97-E77DAA5EC489}.Release|Any CPU.Build.0 = Release|Any CPU
		{F149E6A9-B0F4-40A1-AC97-E77DAA5EC489}.Release|x64.ActiveCfg = Release|Any CPU
		{F149E6A9-B0F4-40A1-AC97-E77DAA5EC489}.Release|x64.Build.0 = Release|Any CPU
		{F149E6A9-B0F4-40A1-AC97-E77DAA5EC489}.Release|x86.ActiveCfg = Release|Any CPU
		{F149E6A9-B0F4-40A1-AC97-E77DAA5EC489}.Release|x86.Build.0 = Release|Any CPU
		{FF59C226-A629-4607-B162-96FD4FFCCBDF}.Debug|Any CPU.ActiveCfg = Debug|Any CPU
		{FF59C226-A629-4607-B162-96FD4FFCCBDF}.Debug|Any CPU.Build.0 = Debug|Any CPU
		{FF59C226-A629-4607-B162-96FD4FFCCBDF}.Debug|x64.ActiveCfg = Debug|Any CPU
		{FF59C226-A629-4607-B162-96FD4FFCCBDF}.Debug|x64.Build.0 = Debug|Any CPU
		{FF59C226-A629-4607-B162-96FD4FFCCBDF}.Debug|x86.ActiveCfg = Debug|Any CPU
		{FF59C226-A629-4607-B162-96FD4FFCCBDF}.Debug|x86.Build.0 = Debug|Any CPU
		{FF59C226-A629-4607-B162-96FD4FFCCBDF}.Release|Any CPU.ActiveCfg = Release|Any CPU
		{FF59C226-A629-4607-B162-96FD4FFCCBDF}.Release|Any CPU.Build.0 = Release|Any CPU
		{FF59C226-A629-4607-B162-96FD4FFCCBDF}.Release|x64.ActiveCfg = Release|Any CPU
		{FF59C226-A629-4607-B162-96FD4FFCCBDF}.Release|x64.Build.0 = Release|Any CPU
		{FF59C226-A629-4607-B162-96FD4FFCCBDF}.Release|x86.ActiveCfg = Release|Any CPU
		{FF59C226-A629-4607-B162-96FD4FFCCBDF}.Release|x86.Build.0 = Release|Any CPU
		{291B9D6F-27E6-4B62-BBC3-B150AB2787B9}.Debug|Any CPU.ActiveCfg = Debug|Any CPU
		{291B9D6F-27E6-4B62-BBC3-B150AB2787B9}.Debug|Any CPU.Build.0 = Debug|Any CPU
		{291B9D6F-27E6-4B62-BBC3-B150AB2787B9}.Debug|x64.ActiveCfg = Debug|Any CPU
		{291B9D6F-27E6-4B62-BBC3-B150AB2787B9}.Debug|x64.Build.0 = Debug|Any CPU
		{291B9D6F-27E6-4B62-BBC3-B150AB2787B9}.Debug|x86.ActiveCfg = Debug|Any CPU
		{291B9D6F-27E6-4B62-BBC3-B150AB2787B9}.Debug|x86.Build.0 = Debug|Any CPU
		{291B9D6F-27E6-4B62-BBC3-B150AB2787B9}.Release|Any CPU.ActiveCfg = Release|Any CPU
		{291B9D6F-27E6-4B62-BBC3-B150AB2787B9}.Release|Any CPU.Build.0 = Release|Any CPU
		{291B9D6F-27E6-4B62-BBC3-B150AB2787B9}.Release|x64.ActiveCfg = Release|Any CPU
		{291B9D6F-27E6-4B62-BBC3-B150AB2787B9}.Release|x64.Build.0 = Release|Any CPU
		{291B9D6F-27E6-4B62-BBC3-B150AB2787B9}.Release|x86.ActiveCfg = Release|Any CPU
		{291B9D6F-27E6-4B62-BBC3-B150AB2787B9}.Release|x86.Build.0 = Release|Any CPU
		{F810EF17-F2C8-40AD-A506-4E6E4A4B47C1}.Debug|Any CPU.ActiveCfg = Debug|Any CPU
		{F810EF17-F2C8-40AD-A506-4E6E4A4B47C1}.Debug|Any CPU.Build.0 = Debug|Any CPU
		{F810EF17-F2C8-40AD-A506-4E6E4A4B47C1}.Debug|x64.ActiveCfg = Debug|Any CPU
		{F810EF17-F2C8-40AD-A506-4E6E4A4B47C1}.Debug|x64.Build.0 = Debug|Any CPU
		{F810EF17-F2C8-40AD-A506-4E6E4A4B47C1}.Debug|x86.ActiveCfg = Debug|Any CPU
		{F810EF17-F2C8-40AD-A506-4E6E4A4B47C1}.Debug|x86.Build.0 = Debug|Any CPU
		{F810EF17-F2C8-40AD-A506-4E6E4A4B47C1}.Release|Any CPU.ActiveCfg = Release|Any CPU
		{F810EF17-F2C8-40AD-A506-4E6E4A4B47C1}.Release|Any CPU.Build.0 = Release|Any CPU
		{F810EF17-F2C8-40AD-A506-4E6E4A4B47C1}.Release|x64.ActiveCfg = Release|Any CPU
		{F810EF17-F2C8-40AD-A506-4E6E4A4B47C1}.Release|x64.Build.0 = Release|Any CPU
		{F810EF17-F2C8-40AD-A506-4E6E4A4B47C1}.Release|x86.ActiveCfg = Release|Any CPU
		{F810EF17-F2C8-40AD-A506-4E6E4A4B47C1}.Release|x86.Build.0 = Release|Any CPU
		{9051246C-B5B2-410E-93BD-DF56BA1D2845}.Debug|Any CPU.ActiveCfg = Debug|Any CPU
		{9051246C-B5B2-410E-93BD-DF56BA1D2845}.Debug|Any CPU.Build.0 = Debug|Any CPU
		{9051246C-B5B2-410E-93BD-DF56BA1D2845}.Debug|x64.ActiveCfg = Debug|Any CPU
		{9051246C-B5B2-410E-93BD-DF56BA1D2845}.Debug|x64.Build.0 = Debug|Any CPU
		{9051246C-B5B2-410E-93BD-DF56BA1D2845}.Debug|x86.ActiveCfg = Debug|Any CPU
		{9051246C-B5B2-410E-93BD-DF56BA1D2845}.Debug|x86.Build.0 = Debug|Any CPU
		{9051246C-B5B2-410E-93BD-DF56BA1D2845}.Release|Any CPU.ActiveCfg = Release|Any CPU
		{9051246C-B5B2-410E-93BD-DF56BA1D2845}.Release|Any CPU.Build.0 = Release|Any CPU
		{9051246C-B5B2-410E-93BD-DF56BA1D2845}.Release|x64.ActiveCfg = Release|Any CPU
		{9051246C-B5B2-410E-93BD-DF56BA1D2845}.Release|x64.Build.0 = Release|Any CPU
		{9051246C-B5B2-410E-93BD-DF56BA1D2845}.Release|x86.ActiveCfg = Release|Any CPU
		{9051246C-B5B2-410E-93BD-DF56BA1D2845}.Release|x86.Build.0 = Release|Any CPU
	EndGlobalSection
	GlobalSection(SolutionProperties) = preSolution
		HideSolutionNode = FALSE
	EndGlobalSection
	GlobalSection(NestedProjects) = preSolution
		{F149E6A9-B0F4-40A1-AC97-E77DAA5EC489} = {DFC3F1B6-3620-4ECD-A4D6-59459B4EA39E}
		{FF59C226-A629-4607-B162-96FD4FFCCBDF} = {DFC3F1B6-3620-4ECD-A4D6-59459B4EA39E}
		{291B9D6F-27E6-4B62-BBC3-B150AB2787B9} = {DFC3F1B6-3620-4ECD-A4D6-59459B4EA39E}
	EndGlobalSection
EndGlobal
